// !$*UTF8*$!
{
	archiveVersion = 1;
	classes = {
	};
	objectVersion = 46;
	objects = {

/* Begin PBXBuildFile section */
		84FFBE1A1FC5AC2200F28043 /* AppDelegate.swift in Sources */ = {isa = PBXBuildFile; fileRef = 84FFBE191FC5AC2200F28043 /* AppDelegate.swift */; };
		84FFBE1C1FC5AC2200F28043 /* ViewController.swift in Sources */ = {isa = PBXBuildFile; fileRef = 84FFBE1B1FC5AC2200F28043 /* ViewController.swift */; };
		84FFBE1F1FC5AC2200F28043 /* Main.storyboard in Resources */ = {isa = PBXBuildFile; fileRef = 84FFBE1D1FC5AC2200F28043 /* Main.storyboard */; };
		84FFBE211FC5AC2200F28043 /* Assets.xcassets in Resources */ = {isa = PBXBuildFile; fileRef = 84FFBE201FC5AC2200F28043 /* Assets.xcassets */; };
		84FFBE241FC5AC2200F28043 /* LaunchScreen.storyboard in Resources */ = {isa = PBXBuildFile; fileRef = 84FFBE221FC5AC2200F28043 /* LaunchScreen.storyboard */; };
		84FFBE2F1FC5AC2200F28043 /* IOSSDKSampleTests.swift in Sources */ = {isa = PBXBuildFile; fileRef = 84FFBE2E1FC5AC2200F28043 /* IOSSDKSampleTests.swift */; };
		84FFBE3A1FC5AC2200F28043 /* IOSSDKSampleUITests.swift in Sources */ = {isa = PBXBuildFile; fileRef = 84FFBE391FC5AC2200F28043 /* IOSSDKSampleUITests.swift */; };
/* End PBXBuildFile section */

/* Begin PBXContainerItemProxy section */
		84FFBE2B1FC5AC2200F28043 /* PBXContainerItemProxy */ = {
			isa = PBXContainerItemProxy;
			containerPortal = 84FFBE0E1FC5AC2200F28043 /* Project object */;
			proxyType = 1;
			remoteGlobalIDString = 84FFBE151FC5AC2200F28043;
			remoteInfo = IOSSDKSample;
		};
		84FFBE361FC5AC2200F28043 /* PBXContainerItemProxy */ = {
			isa = PBXContainerItemProxy;
			containerPortal = 84FFBE0E1FC5AC2200F28043 /* Project object */;
			proxyType = 1;
			remoteGlobalIDString = 84FFBE151FC5AC2200F28043;
			remoteInfo = IOSSDKSample;
		};
/* End PBXContainerItemProxy section */

/* Begin PBXFileReference section */
		84FFBE161FC5AC2200F28043 /* IOSSDKSample.app */ = {isa = PBXFileReference; explicitFileType = wrapper.application; includeInIndex = 0; path = IOSSDKSample.app; sourceTree = BUILT_PRODUCTS_DIR; };
		84FFBE191FC5AC2200F28043 /* AppDelegate.swift */ = {isa = PBXFileReference; lastKnownFileType = sourcecode.swift; path = AppDelegate.swift; sourceTree = "<group>"; };
		84FFBE1B1FC5AC2200F28043 /* ViewController.swift */ = {isa = PBXFileReference; lastKnownFileType = sourcecode.swift; path = ViewController.swift; sourceTree = "<group>"; };
		84FFBE1E1FC5AC2200F28043 /* Base */ = {isa = PBXFileReference; lastKnownFileType = file.storyboard; name = Base; path = Base.lproj/Main.storyboard; sourceTree = "<group>"; };
		84FFBE201FC5AC2200F28043 /* Assets.xcassets */ = {isa = PBXFileReference; lastKnownFileType = folder.assetcatalog; path = Assets.xcassets; sourceTree = "<group>"; };
		84FFBE231FC5AC2200F28043 /* Base */ = {isa = PBXFileReference; lastKnownFileType = file.storyboard; name = Base; path = Base.lproj/LaunchScreen.storyboard; sourceTree = "<group>"; };
		84FFBE251FC5AC2200F28043 /* Info.plist */ = {isa = PBXFileReference; lastKnownFileType = text.plist.xml; path = Info.plist; sourceTree = "<group>"; };
		84FFBE2A1FC5AC2200F28043 /* IOSSDKSampleTests.xctest */ = {isa = PBXFileReference; explicitFileType = wrapper.cfbundle; includeInIndex = 0; path = IOSSDKSampleTests.xctest; sourceTree = BUILT_PRODUCTS_DIR; };
		84FFBE2E1FC5AC2200F28043 /* IOSSDKSampleTests.swift */ = {isa = PBXFileReference; lastKnownFileType = sourcecode.swift; path = IOSSDKSampleTests.swift; sourceTree = "<group>"; };
		84FFBE301FC5AC2200F28043 /* Info.plist */ = {isa = PBXFileReference; lastKnownFileType = text.plist.xml; path = Info.plist; sourceTree = "<group>"; };
		84FFBE351FC5AC2200F28043 /* IOSSDKSampleUITests.xctest */ = {isa = PBXFileReference; explicitFileType = wrapper.cfbundle; includeInIndex = 0; path = IOSSDKSampleUITests.xctest; sourceTree = BUILT_PRODUCTS_DIR; };
		84FFBE391FC5AC2200F28043 /* IOSSDKSampleUITests.swift */ = {isa = PBXFileReference; lastKnownFileType = sourcecode.swift; path = IOSSDKSampleUITests.swift; sourceTree = "<group>"; };
		84FFBE3B1FC5AC2200F28043 /* Info.plist */ = {isa = PBXFileReference; lastKnownFileType = text.plist.xml; path = Info.plist; sourceTree = "<group>"; };
/* End PBXFileReference section */

/* Begin PBXFrameworksBuildPhase section */
		84FFBE131FC5AC2200F28043 /* Frameworks */ = {
			isa = PBXFrameworksBuildPhase;
			buildActionMask = 2147483647;
			files = (
			);
			runOnlyForDeploymentPostprocessing = 0;
		};
		84FFBE271FC5AC2200F28043 /* Frameworks */ = {
			isa = PBXFrameworksBuildPhase;
			buildActionMask = 2147483647;
			files = (
			);
			runOnlyForDeploymentPostprocessing = 0;
		};
		84FFBE321FC5AC2200F28043 /* Frameworks */ = {
			isa = PBXFrameworksBuildPhase;
			buildActionMask = 2147483647;
			files = (
			);
			runOnlyForDeploymentPostprocessing = 0;
		};
/* End PBXFrameworksBuildPhase section */

/* Begin PBXGroup section */
		84FFBE0D1FC5AC2200F28043 = {
			isa = PBXGroup;
			children = (
				84FFBE181FC5AC2200F28043 /* IOSSDKSample */,
				84FFBE2D1FC5AC2200F28043 /* IOSSDKSampleTests */,
				84FFBE381FC5AC2200F28043 /* IOSSDKSampleUITests */,
				84FFBE171FC5AC2200F28043 /* Products */,
			);
			sourceTree = "<group>";
		};
		84FFBE171FC5AC2200F28043 /* Products */ = {
			isa = PBXGroup;
			children = (
				84FFBE161FC5AC2200F28043 /* IOSSDKSample.app */,
				84FFBE2A1FC5AC2200F28043 /* IOSSDKSampleTests.xctest */,
				84FFBE351FC5AC2200F28043 /* IOSSDKSampleUITests.xctest */,
			);
			name = Products;
			sourceTree = "<group>";
		};
		84FFBE181FC5AC2200F28043 /* IOSSDKSample */ = {
			isa = PBXGroup;
			children = (
				84FFBE191FC5AC2200F28043 /* AppDelegate.swift */,
				84FFBE1B1FC5AC2200F28043 /* ViewController.swift */,
				84FFBE1D1FC5AC2200F28043 /* Main.storyboard */,
				84FFBE201FC5AC2200F28043 /* Assets.xcassets */,
				84FFBE221FC5AC2200F28043 /* LaunchScreen.storyboard */,
				84FFBE251FC5AC2200F28043 /* Info.plist */,
			);
			path = IOSSDKSample;
			sourceTree = "<group>";
		};
		84FFBE2D1FC5AC2200F28043 /* IOSSDKSampleTests */ = {
			isa = PBXGroup;
			children = (
				84FFBE2E1FC5AC2200F28043 /* IOSSDKSampleTests.swift */,
				84FFBE301FC5AC2200F28043 /* Info.plist */,
			);
			path = IOSSDKSampleTests;
			sourceTree = "<group>";
		};
		84FFBE381FC5AC2200F28043 /* IOSSDKSampleUITests */ = {
			isa = PBXGroup;
			children = (
				84FFBE391FC5AC2200F28043 /* IOSSDKSampleUITests.swift */,
				84FFBE3B1FC5AC2200F28043 /* Info.plist */,
			);
			path = IOSSDKSampleUITests;
			sourceTree = "<group>";
		};
/* End PBXGroup section */

/* Begin PBXNativeTarget section */
		84FFBE151FC5AC2200F28043 /* IOSSDKSample */ = {
			isa = PBXNativeTarget;
			buildConfigurationList = 84FFBE3E1FC5AC2200F28043 /* Build configuration list for PBXNativeTarget "IOSSDKSample" */;
			buildPhases = (
				84FFBE121FC5AC2200F28043 /* Sources */,
				84FFBE131FC5AC2200F28043 /* Frameworks */,
				84FFBE141FC5AC2200F28043 /* Resources */,
			);
			buildRules = (
			);
			dependencies = (
			);
			name = IOSSDKSample;
			productName = IOSSDKSample;
			productReference = 84FFBE161FC5AC2200F28043 /* IOSSDKSample.app */;
			productType = "com.apple.product-type.application";
		};
		84FFBE291FC5AC2200F28043 /* IOSSDKSampleTests */ = {
			isa = PBXNativeTarget;
			buildConfigurationList = 84FFBE411FC5AC2200F28043 /* Build configuration list for PBXNativeTarget "IOSSDKSampleTests" */;
			buildPhases = (
				84FFBE261FC5AC2200F28043 /* Sources */,
				84FFBE271FC5AC2200F28043 /* Frameworks */,
				84FFBE281FC5AC2200F28043 /* Resources */,
			);
			buildRules = (
			);
			dependencies = (
				84FFBE2C1FC5AC2200F28043 /* PBXTargetDependency */,
			);
			name = IOSSDKSampleTests;
			productName = IOSSDKSampleTests;
			productReference = 84FFBE2A1FC5AC2200F28043 /* IOSSDKSampleTests.xctest */;
			productType = "com.apple.product-type.bundle.unit-test";
		};
		84FFBE341FC5AC2200F28043 /* IOSSDKSampleUITests */ = {
			isa = PBXNativeTarget;
			buildConfigurationList = 84FFBE441FC5AC2200F28043 /* Build configuration list for PBXNativeTarget "IOSSDKSampleUITests" */;
			buildPhases = (
				84FFBE311FC5AC2200F28043 /* Sources */,
				84FFBE321FC5AC2200F28043 /* Frameworks */,
				84FFBE331FC5AC2200F28043 /* Resources */,
			);
			buildRules = (
			);
			dependencies = (
				84FFBE371FC5AC2200F28043 /* PBXTargetDependency */,
			);
			name = IOSSDKSampleUITests;
			productName = IOSSDKSampleUITests;
			productReference = 84FFBE351FC5AC2200F28043 /* IOSSDKSampleUITests.xctest */;
			productType = "com.apple.product-type.bundle.ui-testing";
		};
/* End PBXNativeTarget section */

/* Begin PBXProject section */
		84FFBE0E1FC5AC2200F28043 /* Project object */ = {
			isa = PBXProject;
			attributes = {
				LastSwiftUpdateCheck = 0830;
				LastUpgradeCheck = 0830;
				ORGANIZATIONNAME = admin;
				TargetAttributes = {
					84FFBE151FC5AC2200F28043 = {
						CreatedOnToolsVersion = 8.3.3;
						DevelopmentTeam = JMBY7658LT;
						ProvisioningStyle = Automatic;
					};
					84FFBE291FC5AC2200F28043 = {
						CreatedOnToolsVersion = 8.3.3;
						DevelopmentTeam = JMBY7658LT;
						ProvisioningStyle = Automatic;
						TestTargetID = 84FFBE151FC5AC2200F28043;
					};
					84FFBE341FC5AC2200F28043 = {
						CreatedOnToolsVersion = 8.3.3;
						DevelopmentTeam = JMBY7658LT;
						ProvisioningStyle = Automatic;
						TestTargetID = 84FFBE151FC5AC2200F28043;
					};
				};
			};
			buildConfigurationList = 84FFBE111FC5AC2200F28043 /* Build configuration list for PBXProject "IOSSDKSample" */;
			compatibilityVersion = "Xcode 3.2";
			developmentRegion = English;
			hasScannedForEncodings = 0;
			knownRegions = (
				en,
				Base,
			);
			mainGroup = 84FFBE0D1FC5AC2200F28043;
			productRefGroup = 84FFBE171FC5AC2200F28043 /* Products */;
			projectDirPath = "";
			projectRoot = "";
			targets = (
				84FFBE151FC5AC2200F28043 /* IOSSDKSample */,
				84FFBE291FC5AC2200F28043 /* IOSSDKSampleTests */,
				84FFBE341FC5AC2200F28043 /* IOSSDKSampleUITests */,
			);
		};
/* End PBXProject section */

/* Begin PBXResourcesBuildPhase section */
		84FFBE141FC5AC2200F28043 /* Resources */ = {
			isa = PBXResourcesBuildPhase;
			buildActionMask = 2147483647;
			files = (
				84FFBE241FC5AC2200F28043 /* LaunchScreen.storyboard in Resources */,
				84FFBE211FC5AC2200F28043 /* Assets.xcassets in Resources */,
				84FFBE1F1FC5AC2200F28043 /* Main.storyboard in Resources */,
			);
			runOnlyForDeploymentPostprocessing = 0;
		};
		84FFBE281FC5AC2200F28043 /* Resources */ = {
			isa = PBXResourcesBuildPhase;
			buildActionMask = 2147483647;
			files = (
			);
			runOnlyForDeploymentPostprocessing = 0;
		};
		84FFBE331FC5AC2200F28043 /* Resources */ = {
			isa = PBXResourcesBuildPhase;
			buildActionMask = 2147483647;
			files = (
			);
			runOnlyForDeploymentPostprocessing = 0;
		};
/* End PBXResourcesBuildPhase section */

/* Begin PBXSourcesBuildPhase section */
		84FFBE121FC5AC2200F28043 /* Sources */ = {
			isa = PBXSourcesBuildPhase;
			buildActionMask = 2147483647;
			files = (
				84FFBE1C1FC5AC2200F28043 /* ViewController.swift in Sources */,
				84FFBE1A1FC5AC2200F28043 /* AppDelegate.swift in Sources */,
			);
			runOnlyForDeploymentPostprocessing = 0;
		};
		84FFBE261FC5AC2200F28043 /* Sources */ = {
			isa = PBXSourcesBuildPhase;
			buildActionMask = 2147483647;
			files = (
				84FFBE2F1FC5AC2200F28043 /* IOSSDKSampleTests.swift in Sources */,
			);
			runOnlyForDeploymentPostprocessing = 0;
		};
		84FFBE311FC5AC2200F28043 /* Sources */ = {
			isa = PBXSourcesBuildPhase;
			buildActionMask = 2147483647;
			files = (
				84FFBE3A1FC5AC2200F28043 /* IOSSDKSampleUITests.swift in Sources */,
			);
			runOnlyForDeploymentPostprocessing = 0;
		};
/* End PBXSourcesBuildPhase section */

/* Begin PBXTargetDependency section */
		84FFBE2C1FC5AC2200F28043 /* PBXTargetDependency */ = {
			isa = PBXTargetDependency;
			target = 84FFBE151FC5AC2200F28043 /* IOSSDKSample */;
			targetProxy = 84FFBE2B1FC5AC2200F28043 /* PBXContainerItemProxy */;
		};
		84FFBE371FC5AC2200F28043 /* PBXTargetDependency */ = {
			isa = PBXTargetDependency;
			target = 84FFBE151FC5AC2200F28043 /* IOSSDKSample */;
			targetProxy = 84FFBE361FC5AC2200F28043 /* PBXContainerItemProxy */;
		};
/* End PBXTargetDependency section */

/* Begin PBXVariantGroup section */
		84FFBE1D1FC5AC2200F28043 /* Main.storyboard */ = {
			isa = PBXVariantGroup;
			children = (
				84FFBE1E1FC5AC2200F28043 /* Base */,
			);
			name = Main.storyboard;
			sourceTree = "<group>";
		};
		84FFBE221FC5AC2200F28043 /* LaunchScreen.storyboard */ = {
			isa = PBXVariantGroup;
			children = (
				84FFBE231FC5AC2200F28043 /* Base */,
			);
			name = LaunchScreen.storyboard;
			sourceTree = "<group>";
		};
/* End PBXVariantGroup section */

/* Begin XCBuildConfiguration section */
		84FFBE3C1FC5AC2200F28043 /* Debug */ = {
			isa = XCBuildConfiguration;
			buildSettings = {
				ALWAYS_SEARCH_USER_PATHS = NO;
				CLANG_ANALYZER_NONNULL = YES;
				CLANG_ANALYZER_NUMBER_OBJECT_CONVERSION = YES_AGGRESSIVE;
				CLANG_CXX_LANGUAGE_STANDARD = "gnu++0x";
				CLANG_CXX_LIBRARY = "libc++";
				CLANG_ENABLE_MODULES = YES;
				CLANG_ENABLE_OBJC_ARC = YES;
				CLANG_WARN_BOOL_CONVERSION = YES;
				CLANG_WARN_CONSTANT_CONVERSION = YES;
				CLANG_WARN_DIRECT_OBJC_ISA_USAGE = YES_ERROR;
				CLANG_WARN_DOCUMENTATION_COMMENTS = YES;
				CLANG_WARN_EMPTY_BODY = YES;
				CLANG_WARN_ENUM_CONVERSION = YES;
				CLANG_WARN_INFINITE_RECURSION = YES;
				CLANG_WARN_INT_CONVERSION = YES;
				CLANG_WARN_OBJC_ROOT_CLASS = YES_ERROR;
				CLANG_WARN_SUSPICIOUS_MOVE = YES;
				CLANG_WARN_UNREACHABLE_CODE = YES;
				CLANG_WARN__DUPLICATE_METHOD_MATCH = YES;
				"CODE_SIGN_IDENTITY[sdk=iphoneos*]" = "iPhone Developer";
				COPY_PHASE_STRIP = NO;
				DEBUG_INFORMATION_FORMAT = dwarf;
				ENABLE_STRICT_OBJC_MSGSEND = YES;
				ENABLE_TESTABILITY = YES;
				GCC_C_LANGUAGE_STANDARD = gnu99;
				GCC_DYNAMIC_NO_PIC = NO;
				GCC_NO_COMMON_BLOCKS = YES;
				GCC_OPTIMIZATION_LEVEL = 0;
				GCC_PREPROCESSOR_DEFINITIONS = (
					"DEBUG=1",
					"$(inherited)",
				);
				GCC_WARN_64_TO_32_BIT_CONVERSION = YES;
				GCC_WARN_ABOUT_RETURN_TYPE = YES_ERROR;
				GCC_WARN_UNDECLARED_SELECTOR = YES;
				GCC_WARN_UNINITIALIZED_AUTOS = YES_AGGRESSIVE;
				GCC_WARN_UNUSED_FUNCTION = YES;
				GCC_WARN_UNUSED_VARIABLE = YES;
				IPHONEOS_DEPLOYMENT_TARGET = 10.3;
				MTL_ENABLE_DEBUG_INFO = YES;
				ONLY_ACTIVE_ARCH = YES;
				SDKROOT = iphoneos;
				SWIFT_ACTIVE_COMPILATION_CONDITIONS = DEBUG;
				SWIFT_OPTIMIZATION_LEVEL = "-Onone";
				TARGETED_DEVICE_FAMILY = "1,2";
			};
			name = Debug;
		};
		84FFBE3D1FC5AC2200F28043 /* Release */ = {
			isa = XCBuildConfiguration;
			buildSettings = {
				ALWAYS_SEARCH_USER_PATHS = NO;
				CLANG_ANALYZER_NONNULL = YES;
				CLANG_ANALYZER_NUMBER_OBJECT_CONVERSION = YES_AGGRESSIVE;
				CLANG_CXX_LANGUAGE_STANDARD = "gnu++0x";
				CLANG_CXX_LIBRARY = "libc++";
				CLANG_ENABLE_MODULES = YES;
				CLANG_ENABLE_OBJC_ARC = YES;
				CLANG_WARN_BOOL_CONVERSION = YES;
				CLANG_WARN_CONSTANT_CONVERSION = YES;
				CLANG_WARN_DIRECT_OBJC_ISA_USAGE = YES_ERROR;
				CLANG_WARN_DOCUMENTATION_COMMENTS = YES;
				CLANG_WARN_EMPTY_BODY = YES;
				CLANG_WARN_ENUM_CONVERSION = YES;
				CLANG_WARN_INFINITE_RECURSION = YES;
				CLANG_WARN_INT_CONVERSION = YES;
				CLANG_WARN_OBJC_ROOT_CLASS = YES_ERROR;
				CLANG_WARN_SUSPICIOUS_MOVE = YES;
				CLANG_WARN_UNREACHABLE_CODE = YES;
				CLANG_WARN__DUPLICATE_METHOD_MATCH = YES;
				"CODE_SIGN_IDENTITY[sdk=iphoneos*]" = "iPhone Developer";
				COPY_PHASE_STRIP = NO;
				DEBUG_INFORMATION_FORMAT = "dwarf-with-dsym";
				ENABLE_NS_ASSERTIONS = NO;
				ENABLE_STRICT_OBJC_MSGSEND = YES;
				GCC_C_LANGUAGE_STANDARD = gnu99;
				GCC_NO_COMMON_BLOCKS = YES;
				GCC_WARN_64_TO_32_BIT_CONVERSION = YES;
				GCC_WARN_ABOUT_RETURN_TYPE = YES_ERROR;
				GCC_WARN_UNDECLARED_SELECTOR = YES;
				GCC_WARN_UNINITIALIZED_AUTOS = YES_AGGRESSIVE;
				GCC_WARN_UNUSED_FUNCTION = YES;
				GCC_WARN_UNUSED_VARIABLE = YES;
				IPHONEOS_DEPLOYMENT_TARGET = 10.3;
				MTL_ENABLE_DEBUG_INFO = NO;
				SDKROOT = iphoneos;
				SWIFT_OPTIMIZATION_LEVEL = "-Owholemodule";
				TARGETED_DEVICE_FAMILY = "1,2";
				VALIDATE_PRODUCT = YES;
			};
			name = Release;
		};
		84FFBE3F1FC5AC2200F28043 /* Debug */ = {
			isa = XCBuildConfiguration;
			buildSettings = {
				ASSETCATALOG_COMPILER_APPICON_NAME = AppIcon;
				DEVELOPMENT_TEAM = JMBY7658LT;
				INFOPLIST_FILE = IOSSDKSample/Info.plist;
				LD_RUNPATH_SEARCH_PATHS = "$(inherited) @executable_path/Frameworks";
				PRODUCT_BUNDLE_IDENTIFIER = com.release.dev.IOSSDKSample;
				PRODUCT_NAME = "$(TARGET_NAME)";
				SWIFT_VERSION = 3.0;
			};
			name = Debug;
		};
		84FFBE401FC5AC2200F28043 /* Release */ = {
			isa = XCBuildConfiguration;
			buildSettings = {
				ASSETCATALOG_COMPILER_APPICON_NAME = AppIcon;
				DEVELOPMENT_TEAM = JMBY7658LT;
				INFOPLIST_FILE = IOSSDKSample/Info.plist;
				LD_RUNPATH_SEARCH_PATHS = "$(inherited) @executable_path/Frameworks";
				PRODUCT_BUNDLE_IDENTIFIER = com.release.dev.IOSSDKSample;
				PRODUCT_NAME = "$(TARGET_NAME)";
				SWIFT_VERSION = 3.0;
			};
			name = Release;
		};
		84FFBE421FC5AC2200F28043 /* Debug */ = {
			isa = XCBuildConfiguration;
			buildSettings = {
				ALWAYS_EMBED_SWIFT_STANDARD_LIBRARIES = YES;
				BUNDLE_LOADER = "$(TEST_HOST)";
				DEVELOPMENT_TEAM = JMBY7658LT;
				INFOPLIST_FILE = IOSSDKSampleTests/Info.plist;
				LD_RUNPATH_SEARCH_PATHS = "$(inherited) @executable_path/Frameworks @loader_path/Frameworks";
				PRODUCT_BUNDLE_IDENTIFIER = com.release.dev.IOSSDKSampleTests;
				PRODUCT_NAME = "$(TARGET_NAME)";
				SWIFT_VERSION = 3.0;
				TEST_HOST = "$(BUILT_PRODUCTS_DIR)/IOSSDKSample.app/IOSSDKSample";
			};
			name = Debug;
		};
		84FFBE431FC5AC2200F28043 /* Release */ = {
			isa = XCBuildConfiguration;
			buildSettings = {
				ALWAYS_EMBED_SWIFT_STANDARD_LIBRARIES = YES;
				BUNDLE_LOADER = "$(TEST_HOST)";
				DEVELOPMENT_TEAM = JMBY7658LT;
				INFOPLIST_FILE = IOSSDKSampleTests/Info.plist;
				LD_RUNPATH_SEARCH_PATHS = "$(inherited) @executable_path/Frameworks @loader_path/Frameworks";
				PRODUCT_BUNDLE_IDENTIFIER = com.release.dev.IOSSDKSampleTests;
				PRODUCT_NAME = "$(TARGET_NAME)";
				SWIFT_VERSION = 3.0;
				TEST_HOST = "$(BUILT_PRODUCTS_DIR)/IOSSDKSample.app/IOSSDKSample";
			};
			name = Release;
		};
		84FFBE451FC5AC2200F28043 /* Debug */ = {
			isa = XCBuildConfiguration;
			buildSettings = {
				ALWAYS_EMBED_SWIFT_STANDARD_LIBRARIES = YES;
				DEVELOPMENT_TEAM = JMBY7658LT;
				INFOPLIST_FILE = IOSSDKSampleUITests/Info.plist;
				LD_RUNPATH_SEARCH_PATHS = "$(inherited) @executable_path/Frameworks @loader_path/Frameworks";
				PRODUCT_BUNDLE_IDENTIFIER = com.release.dev.IOSSDKSampleUITests;
				PRODUCT_NAME = "$(TARGET_NAME)";
				SWIFT_VERSION = 3.0;
				TEST_TARGET_NAME = IOSSDKSample;
			};
			name = Debug;
		};
		84FFBE461FC5AC2200F28043 /* Release */ = {
			isa = XCBuildConfiguration;
			buildSettings = {
				ALWAYS_EMBED_SWIFT_STANDARD_LIBRARIES = YES;
				DEVELOPMENT_TEAM = JMBY7658LT;
				INFOPLIST_FILE = IOSSDKSampleUITests/Info.plist;
				LD_RUNPATH_SEARCH_PATHS = "$(inherited) @executable_path/Frameworks @loader_path/Frameworks";
				PRODUCT_BUNDLE_IDENTIFIER = com.release.dev.IOSSDKSampleUITests;
				PRODUCT_NAME = "$(TARGET_NAME)";
				SWIFT_VERSION = 3.0;
				TEST_TARGET_NAME = IOSSDKSample;
			};
			name = Release;
		};
/* End XCBuildConfiguration section */

/* Begin XCConfigurationList section */
		84FFBE111FC5AC2200F28043 /* Build configuration list for PBXProject "IOSSDKSample" */ = {
			isa = XCConfigurationList;
			buildConfigurations = (
				84FFBE3C1FC5AC2200F28043 /* Debug */,
				84FFBE3D1FC5AC2200F28043 /* Release */,
			);
			defaultConfigurationIsVisible = 0;
			defaultConfigurationName = Release;
		};
		84FFBE3E1FC5AC2200F28043 /* Build configuration list for PBXNativeTarget "IOSSDKSample" */ = {
			isa = XCConfigurationList;
			buildConfigurations = (
				84FFBE3F1FC5AC2200F28043 /* Debug */,
				84FFBE401FC5AC2200F28043 /* Release */,
			);
			defaultConfigurationIsVisible = 0;
		};
		84FFBE411FC5AC2200F28043 /* Build configuration list for PBXNativeTarget "IOSSDKSampleTests" */ = {
			isa = XCConfigurationList;
			buildConfigurations = (
				84FFBE421FC5AC2200F28043 /* Debug */,
				84FFBE431FC5AC2200F28043 /* Release */,
			);
			defaultConfigurationIsVisible = 0;
		};
		84FFBE441FC5AC2200F28043 /* Build configuration list for PBXNativeTarget "IOSSDKSampleUITests" */ = {
			isa = XCConfigurationList;
			buildConfigurations = (
				84FFBE451FC5AC2200F28043 /* Debug */,
				84FFBE461FC5AC2200F28043 /* Release */,
			);
			defaultConfigurationIsVisible = 0;
		};
/* End XCConfigurationList section */
	};
	rootObject = 84FFBE0E1FC5AC2200F28043 /* Project object */;
}
